
Microsoft Visual Studio Solution File, Format Version 12.00
# Visual Studio Version 17
VisualStudioVersion = 17.7.34221.43
MinimumVisualStudioVersion = 10.0.40219.1
Project("{9A19103F-16F7-4668-BE54-9A1E7A4F7556}") = "15", "15\15.csproj", "{BFA3CF36-E66A-4888-99AC-2B4A05506FD7}"
EndProject
Global
	GlobalSection(SolutionConfigurationPlatforms) = preSolution
		Debug|Any CPU = Debug|Any CPU
		Release|Any CPU = Release|Any CPU
	EndGlobalSection
	GlobalSection(ProjectConfigurationPlatforms) = postSolution
		{BFA3CF36-E66A-4888-99AC-2B4A05506FD7}.Debug|Any CPU.ActiveCfg = Debug|Any CPU
		{BFA3CF36-E66A-4888-99AC-2B4A05506FD7}.Debug|Any CPU.Build.0 = Debug|Any CPU
		{BFA3CF36-E66A-4888-99AC-2B4A05506FD7}.Release|Any CPU.ActiveCfg = Release|Any CPU
		{BFA3CF36-E66A-4888-99AC-2B4A05506FD7}.Release|Any CPU.Build.0 = Release|Any CPU
	EndGlobalSection
	GlobalSection(SolutionProperties) = preSolution
		HideSolutionNode = FALSE
	EndGlobalSection
	GlobalSection(ExtensibilityGlobals) = postSolution
		SolutionGuid = {14BFE9D9-5CC8-4330-9143-40312EA66423}
	EndGlobalSection
EndGlobal
